
Microsoft Visual Studio Solution File, Format Version 12.00
# Visual Studio Version 16
VisualStudioVersion = 16.0.29609.76
MinimumVisualStudioVersion = 10.0.40219.1
Project("{9A19103F-16F7-4668-BE54-9A1E7A4F7556}") = "Nasa3", "Nasa3.csproj", "{B5888757-BDCD-45CC-82F7-C1F59B22DEB7}"
EndProject
Global
	GlobalSection(SolutionConfigurationPlatforms) = preSolution
		Debug|Any CPU = Debug|Any CPU
		Release|Any CPU = Release|Any CPU
	EndGlobalSection
	GlobalSection(ProjectConfigurationPlatforms) = postSolution
		{B5888757-BDCD-45CC-82F7-C1F59B22DEB7}.Debug|Any CPU.ActiveCfg = Debug|Any CPU
		{B5888757-BDCD-45CC-82F7-C1F59B22DEB7}.Debug|Any CPU.Build.0 = Debug|Any CPU
		{B5888757-BDCD-45CC-82F7-C1F59B22DEB7}.Release|Any CPU.ActiveCfg = Release|Any CPU
		{B5888757-BDCD-45CC-82F7-C1F59B22DEB7}.Release|Any CPU.Build.0 = Release|Any CPU
	EndGlobalSection
	GlobalSection(SolutionProperties) = preSolution
		HideSolutionNode = FALSE
	EndGlobalSection
	GlobalSection(ExtensibilityGlobals) = postSolution
		SolutionGuid = {F385C44C-A23C-46C9-B5C7-3DF0BED0349A}
	EndGlobalSection
EndGlobal
