
Microsoft Visual Studio Solution File, Format Version 12.00
# Visual Studio Version 16
VisualStudioVersion = 16.0.29609.76
MinimumVisualStudioVersion = 10.0.40219.1
Project("{FAE04EC0-301F-11D3-BF4B-00C04F79EFBC}") = "SFF", "SFF\SFF.csproj", "{8EC65E9A-610F-423C-AD21-2F94BD24A78B}"
EndProject
Global
	GlobalSection(SolutionConfigurationPlatforms) = preSolution
		Debug|Any CPU = Debug|Any CPU
		Release|Any CPU = Release|Any CPU
	EndGlobalSection
	GlobalSection(ProjectConfigurationPlatforms) = postSolution
		{8EC65E9A-610F-423C-AD21-2F94BD24A78B}.Debug|Any CPU.ActiveCfg = Debug|Any CPU
		{8EC65E9A-610F-423C-AD21-2F94BD24A78B}.Debug|Any CPU.Build.0 = Debug|Any CPU
		{8EC65E9A-610F-423C-AD21-2F94BD24A78B}.Release|Any CPU.ActiveCfg = Release|Any CPU
		{8EC65E9A-610F-423C-AD21-2F94BD24A78B}.Release|Any CPU.Build.0 = Release|Any CPU
	EndGlobalSection
	GlobalSection(SolutionProperties) = preSolution
		HideSolutionNode = FALSE
	EndGlobalSection
	GlobalSection(ExtensibilityGlobals) = postSolution
		SolutionGuid = {D42533FC-FCC0-4AE5-88D5-DAC9A3056C64}
	EndGlobalSection
EndGlobal
